
Microsoft Visual Studio Solution File, Format Version 12.00
# Visual Studio Version 16
VisualStudioVersion = 16.0.33214.272
MinimumVisualStudioVersion = 10.0.40219.1
Project("{FAE04EC0-301F-11D3-BF4B-00C04F79EFBC}") = "Hangman", "Hangman\Hangman.csproj", "{2A06EC6A-039C-4577-8BCE-5F49EAC33A68}"
EndProject
Project("{54435603-DBB4-11D2-8724-00A0C9A8B90C}") = "Hangman Setup", "Hangman Setup\Hangman Setup.vdproj", "{CE3D91E0-A0BC-4DE8-94DA-5F77D1889EFA}"
EndProject
Global
	GlobalSection(SolutionConfigurationPlatforms) = preSolution
		Debug|Any CPU = Debug|Any CPU
		Release|Any CPU = Release|Any CPU
	EndGlobalSection
	GlobalSection(ProjectConfigurationPlatforms) = postSolution
		{2A06EC6A-039C-4577-8BCE-5F49EAC33A68}.Debug|Any CPU.ActiveCfg = Release|Any CPU
		{2A06EC6A-039C-4577-8BCE-5F49EAC33A68}.Debug|Any CPU.Build.0 = Release|Any CPU
		{2A06EC6A-039C-4577-8BCE-5F49EAC33A68}.Release|Any CPU.ActiveCfg = Release|Any CPU
		{2A06EC6A-039C-4577-8BCE-5F49EAC33A68}.Release|Any CPU.Build.0 = Release|Any CPU
		{CE3D91E0-A0BC-4DE8-94DA-5F77D1889EFA}.Debug|Any CPU.ActiveCfg = Release
		{CE3D91E0-A0BC-4DE8-94DA-5F77D1889EFA}.Release|Any CPU.ActiveCfg = Release
	EndGlobalSection
	GlobalSection(SolutionProperties) = preSolution
		HideSolutionNode = FALSE
	EndGlobalSection
	GlobalSection(ExtensibilityGlobals) = postSolution
		SolutionGuid = {AEE829E2-7560-4790-BE6F-9061A0815556}
	EndGlobalSection
EndGlobal
